
Microsoft Visual Studio Solution File, Format Version 12.00
# Visual Studio 15
VisualStudioVersion = 15.0.28307.902
MinimumVisualStudioVersion = 10.0.40219.1
Project("{9A19103F-16F7-4668-BE54-9A1E7A4F7556}") = "LottieSample", "LottieSample\LottieSample\LottieSample.csproj", "{FA65A52D-6043-480D-872D-81AF1FAC57A9}"
EndProject
Project("{FAE04EC0-301F-11D3-BF4B-00C04F79EFBC}") = "LottieSample.Android", "LottieSample\LottieSample.Android\LottieSample.Android.csproj", "{61C56D29-0FDB-4731-9F99-46A53A31D68A}"
EndProject
Global
	GlobalSection(SolutionConfigurationPlatforms) = preSolution
		Debug|Any CPU = Debug|Any CPU
		Release|Any CPU = Release|Any CPU
	EndGlobalSection
	GlobalSection(ProjectConfigurationPlatforms) = postSolution
		{FA65A52D-6043-480D-872D-81AF1FAC57A9}.Debug|Any CPU.ActiveCfg = Debug|Any CPU
		{FA65A52D-6043-480D-872D-81AF1FAC57A9}.Debug|Any CPU.Build.0 = Debug|Any CPU
		{FA65A52D-6043-480D-872D-81AF1FAC57A9}.Release|Any CPU.ActiveCfg = Release|Any CPU
		{FA65A52D-6043-480D-872D-81AF1FAC57A9}.Release|Any CPU.Build.0 = Release|Any CPU
		{61C56D29-0FDB-4731-9F99-46A53A31D68A}.Debug|Any CPU.ActiveCfg = Debug|Any CPU
		{61C56D29-0FDB-4731-9F99-46A53A31D68A}.Debug|Any CPU.Build.0 = Debug|Any CPU
		{61C56D29-0FDB-4731-9F99-46A53A31D68A}.Debug|Any CPU.Deploy.0 = Debug|Any CPU
		{61C56D29-0FDB-4731-9F99-46A53A31D68A}.Release|Any CPU.ActiveCfg = Release|Any CPU
		{61C56D29-0FDB-4731-9F99-46A53A31D68A}.Release|Any CPU.Build.0 = Release|Any CPU
		{61C56D29-0FDB-4731-9F99-46A53A31D68A}.Release|Any CPU.Deploy.0 = Release|Any CPU
	EndGlobalSection
	GlobalSection(SolutionProperties) = preSolution
		HideSolutionNode = FALSE
	EndGlobalSection
	GlobalSection(ExtensibilityGlobals) = postSolution
		SolutionGuid = {A2541E21-9D3C-4E43-94BB-8FCF177DD31B}
	EndGlobalSection
EndGlobal
